lockfileVersion: '9.0'

settings:
  autoInstallPeers: true
  excludeLinksFromLockfile: false

importers:

  .:
    devDependencies:
      jscpd:
        specifier: 5.0.12
        version: 5.0.12
      prettier:
        specifier: 3.9.4
        version: 3.9.4
      yaml:
        specifier: 2.9.0
        version: 2.9.0

  sdk/typescript:
    devDependencies:
      typescript:
        specifier: 5.9.3
        version: 5.9.3

packages:

  jscpd-darwin-arm64@5.0.12:
    resolution: {integrity: sha512-CQCDYhQY9yOGGeauzkRGYW/QtXurPCjfDkEhUoM/M5UdmpzxfG3i9mnNsaheJ0RdFRf73mL7JaLVRP8U2l5/kA==}
    cpu: [arm64]
    os: [darwin]

  jscpd-darwin-x64@5.0.12:
    resolution: {integrity: sha512-7XNCDfChP9fPkIWLepd0zGnTov7/5mR7rJ5Utc1MdWFdgkN//qz6FAJ1FhQA0E/qjFedy9XTucfUCgLybSBsjw==}
    cpu: [x64]
    os: [darwin]

  jscpd-linux-arm64-gnu@5.0.12:
    resolution: {integrity: sha512-i/usHD0/8twzb2Qo4vFWcnuAD4IDLS6K/mTXwYy1CiJZDw4gmjfH45jtjdKUyoutTAiNs+ZWZgx1gIRljUbFuA==}
    cpu: [arm64]
    os: [linux]
    libc: [glibc]

  jscpd-linux-x64-gnu@5.0.12:
    resolution: {integrity: sha512-TqaeSTaGawcqyXSrQvYJFtLRn4aQeHgphGGsq2ZtVAg+lPeuMmh81c3bl0yi2dL3gDX1RGBQKBVul1XQknOuoA==}
    cpu: [x64]
    os: [linux]
    libc: [glibc]

  jscpd-linux-x64-musl@5.0.12:
    resolution: {integrity: sha512-WelugY1/rdoo0Y0sqJ2XQOIvyIZTfRe+vP3MJe4XvEUwPF0v+9SQoS34FnfblRhsddVixyNkgl7x/sHid9UMJw==}
    cpu: [x64]
    os: [linux]
    libc: [musl]

  jscpd-windows-x64-msvc@5.0.12:
    resolution: {integrity: sha512-01x1klKjvfzI6Of5tI9u72x7TIQZQLLG6kMdsEPJKl/BXbskdknrfCepeTXRBbdFPKs25jfcd0klZ4OdDvww5w==}
    cpu: [x64]
    os: [win32]

  jscpd@5.0.12:
    resolution: {integrity: sha512-87dC+akj2mCywlt8p3xnRlDg0B55u4GDbfE9cuwOOeIxbEuWuIoNqGoYi65A0516aJ4EzAjGwBj1Qb/Ahc8WAQ==}
    engines: {node: '>=18'}
    hasBin: true

  prettier@3.9.4:
    resolution: {integrity: sha512-yWG/o/4oJfo036EKAfK6ACAoDOfHeRHx4tuxkfBZiauURiaSmYwlpOr5LQqKtIkRD2z1PLteme2WoxEnj4tHTg==}
    engines: {node: '>=14'}
    hasBin: true

  typescript@5.9.3:
    resolution: {integrity: sha512-jl1vZzPDinLr9eUt3J/t7V6FgNEw9QjvBPdysz9KfQDD41fQrC2Y4vKQdiaUpFT4bXlb1RHhLpp8wtm6M5TgSw==}
    engines: {node: '>=14.17'}
    hasBin: true

  yaml@2.9.0:
    resolution: {integrity: sha512-2AvhNX3mb8zd6Zy7INTtSpl1F15HW6Wnqj0srWlkKLcpYl/gMIMJiyuGq2KeI2YFxUPjdlB+3Lc10seMLtL4cA==}
    engines: {node: '>= 14.6'}
    hasBin: true

snapshots:

  jscpd-darwin-arm64@5.0.12:
    optional: true

  jscpd-darwin-x64@5.0.12:
    optional: true

  jscpd-linux-arm64-gnu@5.0.12:
    optional: true

  jscpd-linux-x64-gnu@5.0.12:
    optional: true

  jscpd-linux-x64-musl@5.0.12:
    optional: true

  jscpd-windows-x64-msvc@5.0.12:
    optional: true

  jscpd@5.0.12:
    optionalDependencies:
      jscpd-darwin-arm64: 5.0.12
      jscpd-darwin-x64: 5.0.12
      jscpd-linux-arm64-gnu: 5.0.12
      jscpd-linux-x64-gnu: 5.0.12
      jscpd-linux-x64-musl: 5.0.12
      jscpd-windows-x64-msvc: 5.0.12

  prettier@3.9.4: {}

  typescript@5.9.3: {}

  yaml@2.9.0: {}
